
Microsoft Visual Studio Solution File, Format Version 12.00
# Visual Studio 15
VisualStudioVersion = 15.0.28307.1145
MinimumVisualStudioVersion = 10.0.40219.1
Project("{9A19103F-16F7-4668-BE54-9A1E7A4F7556}") = "XamRight.Checkers", "XamRight.Checkers\XamRight.Checkers.csproj", "{D65A2D90-083F-4FF5-B224-F2D40AA1CAED}"
EndProject
Project("{FAE04EC0-301F-11D3-BF4B-00C04F79EFBC}") = "XamRight.Checkers.Test", "XamRight.Checkers.Test\XamRight.Checkers.Test.csproj", "{3B599E58-1506-4CFC-BA9E-ADF15E53B49F}"
EndProject
Project("{9A19103F-16F7-4668-BE54-9A1E7A4F7556}") = "XamRight.Extensibility", "XamRight.Extensibility\XamRight.Extensibility.csproj", "{6E9597AA-577A-4E13-8059-66E74E308170}"
EndProject
Project("{2150E333-8FDC-42A3-9474-1A3956D46DE8}") = "Solution Items", "Solution Items", "{B75C4B85-AC07-4621-BC10-54D383CDF184}"
	ProjectSection(SolutionItems) = preProject
		README.md = README.md
	EndProjectSection
EndProject
Global
	GlobalSection(SolutionConfigurationPlatforms) = preSolution
		Debug|Any CPU = Debug|Any CPU
		Release|Any CPU = Release|Any CPU
	EndGlobalSection
	GlobalSection(ProjectConfigurationPlatforms) = postSolution
		{D65A2D90-083F-4FF5-B224-F2D40AA1CAED}.Debug|Any CPU.ActiveCfg = Debug|Any CPU
		{D65A2D90-083F-4FF5-B224-F2D40AA1CAED}.Debug|Any CPU.Build.0 = Debug|Any CPU
		{D65A2D90-083F-4FF5-B224-F2D40AA1CAED}.Release|Any CPU.ActiveCfg = Release|Any CPU
		{D65A2D90-083F-4FF5-B224-F2D40AA1CAED}.Release|Any CPU.Build.0 = Release|Any CPU
		{3B599E58-1506-4CFC-BA9E-ADF15E53B49F}.Debug|Any CPU.ActiveCfg = Debug|Any CPU
		{3B599E58-1506-4CFC-BA9E-ADF15E53B49F}.Debug|Any CPU.Build.0 = Debug|Any CPU
		{3B599E58-1506-4CFC-BA9E-ADF15E53B49F}.Release|Any CPU.ActiveCfg = Release|Any CPU
		{3B599E58-1506-4CFC-BA9E-ADF15E53B49F}.Release|Any CPU.Build.0 = Release|Any CPU
		{6E9597AA-577A-4E13-8059-66E74E308170}.Debug|Any CPU.ActiveCfg = Debug|Any CPU
		{6E9597AA-577A-4E13-8059-66E74E308170}.Debug|Any CPU.Build.0 = Debug|Any CPU
		{6E9597AA-577A-4E13-8059-66E74E308170}.Release|Any CPU.ActiveCfg = Release|Any CPU
		{6E9597AA-577A-4E13-8059-66E74E308170}.Release|Any CPU.Build.0 = Release|Any CPU
	EndGlobalSection
	GlobalSection(SolutionProperties) = preSolution
		HideSolutionNode = FALSE
	EndGlobalSection
	GlobalSection(ExtensibilityGlobals) = postSolution
		SolutionGuid = {5AC5D79D-AC3D-4445-91B8-530F36DB3667}
	EndGlobalSection
EndGlobal
